
Microsoft Visual Studio Solution File, Format Version 12.00
# Visual Studio Version 17
VisualStudioVersion = 17.0.31919.166
MinimumVisualStudioVersion = 10.0.40219.1
Project("{FAE04EC0-301F-11D3-BF4B-00C04F79EFBC}") = "EQP_OPCUA", "EQP_INTF\EQP_OPCUA.csproj", "{9DA82DB1-9B10-4EE9-A41C-1AB5457C2FF7}"
EndProject
Project("{FAE04EC0-301F-11D3-BF4B-00C04F79EFBC}") = "RestAPIServer", "RestAPI\RestAPIServer.csproj", "{6837A950-4384-4C8E-BC62-43B978FB6C19}"
EndProject
Project("{FAE04EC0-301F-11D3-BF4B-00C04F79EFBC}") = "OPCUAClient", "OPCUAClient\OPCUAClient.csproj", "{D64D92E0-A83F-4132-90ED-B1B991D4AE7B}"
EndProject
Project("{FAE04EC0-301F-11D3-BF4B-00C04F79EFBC}") = "CommonCtrls", "CommonCtrls\CommonCtrls.csproj", "{297B6703-A040-467D-A4B7-8B0F530CF880}"
EndProject
Project("{FAE04EC0-301F-11D3-BF4B-00C04F79EFBC}") = "ECS_MIC", "ECS_MIC\ECS_MIC.csproj", "{6DA555E5-F1FD-46DF-AD30-95312536A040}"
EndProject
Project("{FAE04EC0-301F-11D3-BF4B-00C04F79EFBC}") = "Logger", "Logger\Logger.csproj", "{C7CD7130-059B-499E-97D7-9564224CB0CB}"
EndProject
Project("{FAE04EC0-301F-11D3-BF4B-00C04F79EFBC}") = "RestClientLib", "RestClientLib\RestClientLib.csproj", "{61D97D17-849F-4D97-84B1-A5B746B4E8FB}"
EndProject
Project("{FAE04EC0-301F-11D3-BF4B-00C04F79EFBC}") = "TrayBinder", "TrayBinder\TrayBinder.csproj", "{78B1636C-8460-49C2-89D1-4D540C076F70}"
EndProject
Project("{FAE04EC0-301F-11D3-BF4B-00C04F79EFBC}") = "ECS_HPC", "ECS_HPC\ECS_HPC.csproj", "{FE9E51AD-BF53-4276-8D44-D04E15FFE25B}"
EndProject
Project("{FAE04EC0-301F-11D3-BF4B-00C04F79EFBC}") = "ECS_LKC", "ECS_LKC\ECS_LKC.csproj", "{60278DF9-4A43-4654-A52E-7BAD6FB8DC71}"
EndProject
Project("{FAE04EC0-301F-11D3-BF4B-00C04F79EFBC}") = "ECS_VSI", "ECS_VSI\ECS_VSI.csproj", "{473DAA74-5548-459D-B47D-178E719EDD3B}"
EndProject
Project("{FAE04EC0-301F-11D3-BF4B-00C04F79EFBC}") = "ECS_DGS", "ECS_DGS\ECS_DGS.csproj", "{B2FC6720-3599-48C3-8595-701733D4B3BF}"
EndProject
Project("{FAE04EC0-301F-11D3-BF4B-00C04F79EFBC}") = "ECS_OCV", "ECS_OCV\ECS_OCV.csproj", "{61B9F187-F779-4A21-B221-E2759CD5AA66}"
EndProject
Project("{FAE04EC0-301F-11D3-BF4B-00C04F79EFBC}") = "ECS_DCR", "ECS_DCR\ECS_DCR.csproj", "{A7B1B176-55D8-41DE-AB9D-D33E6D7AA58E}"
EndProject
Project("{FAE04EC0-301F-11D3-BF4B-00C04F79EFBC}") = "ECS_PAC", "ECS_PAC\ECS_PAC.csproj", "{43107609-4BD3-4C7F-9F93-8310584489E1}"
EndProject
Project("{FAE04EC0-301F-11D3-BF4B-00C04F79EFBC}") = "ECS_CHG", "ECS_CHG\ECS_CHG.csproj", "{BC6E2E54-0B8F-420D-A4B5-4B523697EE6D}"
EndProject
Project("{FAE04EC0-301F-11D3-BF4B-00C04F79EFBC}") = "ECS_NGS", "ECS_NGS\ECS_NGS.csproj", "{80495768-04D4-411F-B309-36E7F930CDA5}"
EndProject
Global
	GlobalSection(SolutionConfigurationPlatforms) = preSolution
		Debug|Any CPU = Debug|Any CPU
		Release|Any CPU = Release|Any CPU
	EndGlobalSection
	GlobalSection(ProjectConfigurationPlatforms) = postSolution
		{9DA82DB1-9B10-4EE9-A41C-1AB5457C2FF7}.Debug|Any CPU.ActiveCfg = Debug|Any CPU
		{9DA82DB1-9B10-4EE9-A41C-1AB5457C2FF7}.Debug|Any CPU.Build.0 = Debug|Any CPU
		{9DA82DB1-9B10-4EE9-A41C-1AB5457C2FF7}.Release|Any CPU.ActiveCfg = Release|Any CPU
		{9DA82DB1-9B10-4EE9-A41C-1AB5457C2FF7}.Release|Any CPU.Build.0 = Release|Any CPU
		{6837A950-4384-4C8E-BC62-43B978FB6C19}.Debug|Any CPU.ActiveCfg = Debug|Any CPU
		{6837A950-4384-4C8E-BC62-43B978FB6C19}.Debug|Any CPU.Build.0 = Debug|Any CPU
		{6837A950-4384-4C8E-BC62-43B978FB6C19}.Release|Any CPU.ActiveCfg = Release|Any CPU
		{6837A950-4384-4C8E-BC62-43B978FB6C19}.Release|Any CPU.Build.0 = Release|Any CPU
		{D64D92E0-A83F-4132-90ED-B1B991D4AE7B}.Debug|Any CPU.ActiveCfg = Debug|Any CPU
		{D64D92E0-A83F-4132-90ED-B1B991D4AE7B}.Debug|Any CPU.Build.0 = Debug|Any CPU
		{D64D92E0-A83F-4132-90ED-B1B991D4AE7B}.Release|Any CPU.ActiveCfg = Release|Any CPU
		{D64D92E0-A83F-4132-90ED-B1B991D4AE7B}.Release|Any CPU.Build.0 = Release|Any CPU
		{297B6703-A040-467D-A4B7-8B0F530CF880}.Debug|Any CPU.ActiveCfg = Debug|Any CPU
		{297B6703-A040-467D-A4B7-8B0F530CF880}.Debug|Any CPU.Build.0 = Debug|Any CPU
		{297B6703-A040-467D-A4B7-8B0F530CF880}.Release|Any CPU.ActiveCfg = Release|Any CPU
		{297B6703-A040-467D-A4B7-8B0F530CF880}.Release|Any CPU.Build.0 = Release|Any CPU
		{6DA555E5-F1FD-46DF-AD30-95312536A040}.Debug|Any CPU.ActiveCfg = Debug|Any CPU
		{6DA555E5-F1FD-46DF-AD30-95312536A040}.Debug|Any CPU.Build.0 = Debug|Any CPU
		{6DA555E5-F1FD-46DF-AD30-95312536A040}.Release|Any CPU.ActiveCfg = Release|Any CPU
		{6DA555E5-F1FD-46DF-AD30-95312536A040}.Release|Any CPU.Build.0 = Release|Any CPU
		{C7CD7130-059B-499E-97D7-9564224CB0CB}.Debug|Any CPU.ActiveCfg = Debug|Any CPU
		{C7CD7130-059B-499E-97D7-9564224CB0CB}.Debug|Any CPU.Build.0 = Debug|Any CPU
		{C7CD7130-059B-499E-97D7-9564224CB0CB}.Release|Any CPU.ActiveCfg = Release|Any CPU
		{C7CD7130-059B-499E-97D7-9564224CB0CB}.Release|Any CPU.Build.0 = Release|Any CPU
		{61D97D17-849F-4D97-84B1-A5B746B4E8FB}.Debug|Any CPU.ActiveCfg = Debug|Any CPU
		{61D97D17-849F-4D97-84B1-A5B746B4E8FB}.Debug|Any CPU.Build.0 = Debug|Any CPU
		{61D97D17-849F-4D97-84B1-A5B746B4E8FB}.Release|Any CPU.ActiveCfg = Release|Any CPU
		{61D97D17-849F-4D97-84B1-A5B746B4E8FB}.Release|Any CPU.Build.0 = Release|Any CPU
		{78B1636C-8460-49C2-89D1-4D540C076F70}.Debug|Any CPU.ActiveCfg = Debug|Any CPU
		{78B1636C-8460-49C2-89D1-4D540C076F70}.Debug|Any CPU.Build.0 = Debug|Any CPU
		{78B1636C-8460-49C2-89D1-4D540C076F70}.Release|Any CPU.ActiveCfg = Release|Any CPU
		{78B1636C-8460-49C2-89D1-4D540C076F70}.Release|Any CPU.Build.0 = Release|Any CPU
		{FE9E51AD-BF53-4276-8D44-D04E15FFE25B}.Debug|Any CPU.ActiveCfg = Debug|Any CPU
		{FE9E51AD-BF53-4276-8D44-D04E15FFE25B}.Debug|Any CPU.Build.0 = Debug|Any CPU
		{FE9E51AD-BF53-4276-8D44-D04E15FFE25B}.Release|Any CPU.ActiveCfg = Release|Any CPU
		{FE9E51AD-BF53-4276-8D44-D04E15FFE25B}.Release|Any CPU.Build.0 = Release|Any CPU
		{60278DF9-4A43-4654-A52E-7BAD6FB8DC71}.Debug|Any CPU.ActiveCfg = Debug|Any CPU
		{60278DF9-4A43-4654-A52E-7BAD6FB8DC71}.Debug|Any CPU.Build.0 = Debug|Any CPU
		{60278DF9-4A43-4654-A52E-7BAD6FB8DC71}.Release|Any CPU.ActiveCfg = Release|Any CPU
		{60278DF9-4A43-4654-A52E-7BAD6FB8DC71}.Release|Any CPU.Build.0 = Release|Any CPU
		{473DAA74-5548-459D-B47D-178E719EDD3B}.Debug|Any CPU.ActiveCfg = Debug|Any CPU
		{473DAA74-5548-459D-B47D-178E719EDD3B}.Debug|Any CPU.Build.0 = Debug|Any CPU
		{473DAA74-5548-459D-B47D-178E719EDD3B}.Release|Any CPU.ActiveCfg = Release|Any CPU
		{473DAA74-5548-459D-B47D-178E719EDD3B}.Release|Any CPU.Build.0 = Release|Any CPU
		{B2FC6720-3599-48C3-8595-701733D4B3BF}.Debug|Any CPU.ActiveCfg = Debug|Any CPU
		{B2FC6720-3599-48C3-8595-701733D4B3BF}.Debug|Any CPU.Build.0 = Debug|Any CPU
		{B2FC6720-3599-48C3-8595-701733D4B3BF}.Release|Any CPU.ActiveCfg = Release|Any CPU
		{B2FC6720-3599-48C3-8595-701733D4B3BF}.Release|Any CPU.Build.0 = Release|Any CPU
		{61B9F187-F779-4A21-B221-E2759CD5AA66}.Debug|Any CPU.ActiveCfg = Debug|Any CPU
		{61B9F187-F779-4A21-B221-E2759CD5AA66}.Debug|Any CPU.Build.0 = Debug|Any CPU
		{61B9F187-F779-4A21-B221-E2759CD5AA66}.Release|Any CPU.ActiveCfg = Release|Any CPU
		{61B9F187-F779-4A21-B221-E2759CD5AA66}.Release|Any CPU.Build.0 = Release|Any CPU
		{A7B1B176-55D8-41DE-AB9D-D33E6D7AA58E}.Debug|Any CPU.ActiveCfg = Debug|Any CPU
		{A7B1B176-55D8-41DE-AB9D-D33E6D7AA58E}.Debug|Any CPU.Build.0 = Debug|Any CPU
		{A7B1B176-55D8-41DE-AB9D-D33E6D7AA58E}.Release|Any CPU.ActiveCfg = Release|Any CPU
		{A7B1B176-55D8-41DE-AB9D-D33E6D7AA58E}.Release|Any CPU.Build.0 = Release|Any CPU
		{43107609-4BD3-4C7F-9F93-8310584489E1}.Debug|Any CPU.ActiveCfg = Debug|Any CPU
		{43107609-4BD3-4C7F-9F93-8310584489E1}.Debug|Any CPU.Build.0 = Debug|Any CPU
		{43107609-4BD3-4C7F-9F93-8310584489E1}.Release|Any CPU.ActiveCfg = Release|Any CPU
		{43107609-4BD3-4C7F-9F93-8310584489E1}.Release|Any CPU.Build.0 = Release|Any CPU
		{BC6E2E54-0B8F-420D-A4B5-4B523697EE6D}.Debug|Any CPU.ActiveCfg = Debug|Any CPU
		{BC6E2E54-0B8F-420D-A4B5-4B523697EE6D}.Debug|Any CPU.Build.0 = Debug|Any CPU
		{BC6E2E54-0B8F-420D-A4B5-4B523697EE6D}.Release|Any CPU.ActiveCfg = Release|Any CPU
		{BC6E2E54-0B8F-420D-A4B5-4B523697EE6D}.Release|Any CPU.Build.0 = Release|Any CPU
		{80495768-04D4-411F-B309-36E7F930CDA5}.Debug|Any CPU.ActiveCfg = Debug|Any CPU
		{80495768-04D4-411F-B309-36E7F930CDA5}.Debug|Any CPU.Build.0 = Debug|Any CPU
		{80495768-04D4-411F-B309-36E7F930CDA5}.Release|Any CPU.ActiveCfg = Release|Any CPU
		{80495768-04D4-411F-B309-36E7F930CDA5}.Release|Any CPU.Build.0 = Release|Any CPU
	EndGlobalSection
	GlobalSection(SolutionProperties) = preSolution
		HideSolutionNode = FALSE
	EndGlobalSection
	GlobalSection(ExtensibilityGlobals) = postSolution
		SolutionGuid = {7CFE53DD-EF44-4C33-AE9A-1D90F4458AC1}
	EndGlobalSection
EndGlobal
